<?xml version="1.0" encoding="utf-8"?>
<Project ToolsVersion="4.0" xmlns="http://schemas.microsoft.com/developer/msbuild/2003">
  <ItemGroup>
    <Filter Include="Source Files">
      <UniqueIdentifier>{4FC737F1-C7A5-4376-A066-2A32D752A2FF}</UniqueIdentifier>
      <Extensions>cpp;c;cc;cxx;def;odl;idl;hpj;bat;asm;asmx</Extensions>
    </Filter>
    <Filter Include="Header Files">
      <UniqueIdentifier>{93995380-89BD-4b04-88EB-625FBE52EBFB}</UniqueIdentifier>
      <Extensions>h;hh;hpp;hxx;hm;inl;inc;xsd</Extensions>
    </Filter>
    <Filter Include="Resource Files">
      <UniqueIdentifier>{67DA6AB6-F800-4c08-8B7A-83BB121AAD01}</UniqueIdentifier>
      <Extensions>rc;ico;cur;bmp;dlg;rc2;rct;bin;rgs;gif;jpg;jpeg;jpe;resx;tiff;tif;png;wav;mfcribbon-ms</Extensions>
    </Filter>
    <Filter Include="Header Files\interfaces">
      <UniqueIdentifier>{da711db4-8fce-4ef7-b3d8-eb0000d8a50b}</UniqueIdentifier>
    </Filter>
    <Filter Include="Header Files\models">
      <UniqueIdentifier>{90062176-d3b0-4d02-a63b-7387c69bf2e3}</UniqueIdentifier>
    </Filter>
    <Filter Include="Header Files\controllers">
      <UniqueIdentifier>{1667438c-6cde-4cd3-ae1e-34090a1edfb1}</UniqueIdentifier>
    </Filter>
    <Filter Include="Header Files\utils">
      <UniqueIdentifier>{ba2b9c1a-5b46-4d84-8adc-c0a5b3c02dca}</UniqueIdentifier>
    </Filter>
    <Filter Include="Header Files\structures">
      <UniqueIdentifier>{08564952-f4f2-48ec-9cc1-70745a60bbb3}</UniqueIdentifier>
    </Filter>
    <Filter Include="Source Files\models">
      <UniqueIdentifier>{a2b7495c-0a9f-43a8-8bcf-9111f06d52c2}</UniqueIdentifier>
    </Filter>
    <Filter Include="Source Files\controllers">
      <UniqueIdentifier>{77048db1-2a2f-4acf-87d1-191e4da38d3b}</UniqueIdentifier>
    </Filter>
    <Filter Include="Source Files\utils">
      <UniqueIdentifier>{fc000d58-95cf-486e-91c9-3217b0cc07bc}</UniqueIdentifier>
    </Filter>
    <Filter Include="Source Files\structures">
      <UniqueIdentifier>{5922593b-0c55-453f-9e10-fbd47f621173}</UniqueIdentifier>
    </Filter>
  </ItemGroup>
  <ItemGroup>
    <Text Include="ReadMe.txt" />
  </ItemGroup>
  <ItemGroup>
    <ClInclude Include="stdafx.h">
      <Filter>Header Files</Filter>
    </ClInclude>
    <ClInclude Include="targetver.h">
      <Filter>Header Files</Filter>
    </ClInclude>
    <ClInclude Include="Term.h">
      <Filter>Header Files\structures</Filter>
    </ClInclude>
    <ClInclude Include="DocumentTerm.h">
      <Filter>Header Files\structures</Filter>
    </ClInclude>
    <ClInclude Include="DocumentMetaData.h">
      <Filter>Header Files\structures</Filter>
    </ClInclude>
    <ClInclude Include="Document.h">
      <Filter>Header Files\models</Filter>
    </ClInclude>
    <ClInclude Include="IDocumentProvider.h">
      <Filter>Header Files\interfaces</Filter>
    </ClInclude>
    <ClInclude Include="ITokenizer.h">
      <Filter>Header Files\interfaces</Filter>
    </ClInclude>
    <ClInclude Include="IDictionary.h">
      <Filter>Header Files\interfaces</Filter>
    </ClInclude>
    <ClInclude Include="IHasher.h">
      <Filter>Header Files\interfaces</Filter>
    </ClInclude>
    <ClInclude Include="IIndex.h">
      <Filter>Header Files\interfaces</Filter>
    </ClInclude>
    <ClInclude Include="DocumentProvider.h">
      <Filter>Header Files\controllers</Filter>
    </ClInclude>
    <ClInclude Include="Tokenizer.h">
      <Filter>Header Files\controllers</Filter>
    </ClInclude>
    <ClInclude Include="DocumentTable.h">
      <Filter>Header Files\models</Filter>
    </ClInclude>
    <ClInclude Include="Index.h">
      <Filter>Header Files\models</Filter>
    </ClInclude>
    <ClInclude Include="Hasher.h">
      <Filter>Header Files\models</Filter>
    </ClInclude>
    <ClInclude Include="IIterator.h">
      <Filter>Header Files\interfaces</Filter>
    </ClInclude>
    <ClInclude Include="stopWords.h">
      <Filter>Header Files\utils</Filter>
    </ClInclude>
    <ClInclude Include="strtk.hpp">
      <Filter>Header Files\utils</Filter>
    </ClInclude>
    <ClInclude Include="StrTkTokenizer.h">
      <Filter>Header Files\models</Filter>
    </ClInclude>
    <ClInclude Include="IndexLoader.h">
      <Filter>Header Files\controllers</Filter>
    </ClInclude>
    <ClInclude Include="IIndexBuilder.h">
      <Filter>Header Files\interfaces</Filter>
    </ClInclude>
    <ClInclude Include="InMemoryIndexBuilder.h">
      <Filter>Header Files\controllers</Filter>
    </ClInclude>
    <ClInclude Include="HashTableDictionary.h">
      <Filter>Header Files\models</Filter>
    </ClInclude>
    <ClInclude Include="HashTableDictionaryTermIterator.h">
      <Filter>Header Files\models</Filter>
    </ClInclude>
    <ClInclude Include="ICompressor.h">
      <Filter>Header Files\interfaces</Filter>
    </ClInclude>
    <ClInclude Include="NoCompressor.h">
      <Filter>Header Files\models</Filter>
    </ClInclude>
    <ClInclude Include="sortBasedIndexBuilder.h">
      <Filter>Header Files\controllers</Filter>
    </ClInclude>
    <ClInclude Include="VByteCompressor.h">
      <Filter>Header Files\models</Filter>
    </ClInclude>
    <ClInclude Include="Triplet.h">
      <Filter>Header Files\structures</Filter>
    </ClInclude>
  </ItemGroup>
  <ItemGroup>
    <ClCompile Include="stdafx.cpp">
      <Filter>Source Files</Filter>
    </ClCompile>
    <ClCompile Include="IR.cpp">
      <Filter>Source Files</Filter>
    </ClCompile>
    <ClCompile Include="Document.cpp">
      <Filter>Source Files\models</Filter>
    </ClCompile>
    <ClCompile Include="Hasher.cpp">
      <Filter>Source Files\models</Filter>
    </ClCompile>
    <ClCompile Include="DocumentTable.cpp">
      <Filter>Source Files\models</Filter>
    </ClCompile>
    <ClCompile Include="Index.cpp">
      <Filter>Source Files\models</Filter>
    </ClCompile>
    <ClCompile Include="DocumentProvider.cpp">
      <Filter>Source Files\controllers</Filter>
    </ClCompile>
    <ClCompile Include="Tokenizer.cpp">
      <Filter>Source Files\controllers</Filter>
    </ClCompile>
    <ClCompile Include="StrTkTokenizer.cpp">
      <Filter>Source Files\models</Filter>
    </ClCompile>
    <ClCompile Include="Term.cpp">
      <Filter>Source Files\structures</Filter>
    </ClCompile>
    <ClCompile Include="IndexLoader.cpp">
      <Filter>Source Files\controllers</Filter>
    </ClCompile>
    <ClCompile Include="InMemoryIndexBuilder.cpp">
      <Filter>Source Files\controllers</Filter>
    </ClCompile>
    <ClCompile Include="HashTableDictionary.cpp">
      <Filter>Source Files\models</Filter>
    </ClCompile>
    <ClCompile Include="HashTableDictionaryTermIterator.cpp">
      <Filter>Source Files\models</Filter>
    </ClCompile>
    <ClCompile Include="NoCompressor.cpp">
      <Filter>Source Files\models</Filter>
    </ClCompile>
    <ClCompile Include="sortBasedIndexBuilder.cpp">
      <Filter>Source Files\controllers</Filter>
    </ClCompile>
    <ClCompile Include="VByteCompressor.cpp">
      <Filter>Source Files\models</Filter>
    </ClCompile>
  </ItemGroup>
  <ItemGroup>
    <None Include="ClassDiagram.cd" />
  </ItemGroup>
</Project>